<?xml version="1.0" encoding="utf-8"?>
<Project ToolsVersion="4.0" xmlns="http://schemas.microsoft.com/developer/msbuild/2003">
  <ItemGroup>
    <Filter Include="Resource Files">
      <UniqueIdentifier>{67DA6AB6-F800-4c08-8B7A-83BB121AAD01}</UniqueIdentifier>
      <Extensions>rc;ico;cur;bmp;dlg;rc2;rct;bin;rgs;gif;jpg;jpeg;jpe;resx;tiff;tif;png;wav;mfcribbon-ms</Extensions>
    </Filter>
    <Filter Include="Shaders">
      <UniqueIdentifier>{60969b9d-6c7c-44e9-895c-c47e0296a492}</UniqueIdentifier>
    </Filter>
    <Filter Include="System">
      <UniqueIdentifier>{eb345abe-ab52-4163-ae8f-73b22980e5df}</UniqueIdentifier>
    </Filter>
    <Filter Include="Data">
      <UniqueIdentifier>{9d73226a-d88b-4978-8c11-3290af2352df}</UniqueIdentifier>
    </Filter>
    <Filter Include="User">
      <UniqueIdentifier>{1a806355-39ef-4e10-b104-8195ecd86264}</UniqueIdentifier>
    </Filter>
    <Filter Include="User\Source Files">
      <UniqueIdentifier>{4FC737F1-C7A5-4376-A066-2A32D752A2FF}</UniqueIdentifier>
      <Extensions>cpp;c;cc;cxx;def;odl;idl;hpj;bat;asm;asmx</Extensions>
    </Filter>
    <Filter Include="User\Header Files">
      <UniqueIdentifier>{93995380-89BD-4b04-88EB-625FBE52EBFB}</UniqueIdentifier>
      <Extensions>h;hh;hpp;hxx;hm;inl;inc;xsd</Extensions>
    </Filter>
    <Filter Include="User\Components">
      <UniqueIdentifier>{a9dcb857-1678-48b1-a248-8495d491e9d4}</UniqueIdentifier>
    </Filter>
    <Filter Include="User\Components\Listeners">
      <UniqueIdentifier>{acf7446c-e6b9-47f6-8d2b-83243d33ff81}</UniqueIdentifier>
    </Filter>
    <Filter Include="ClothSimulation">
      <UniqueIdentifier>{727bbe66-e030-4996-8715-c1f81aa8fac0}</UniqueIdentifier>
    </Filter>
  </ItemGroup>
  <ItemGroup>
    <ClCompile Include="SEGameObject.cpp">
      <Filter>User\Source Files</Filter>
    </ClCompile>
    <ClCompile Include="SEComTransform.cpp">
      <Filter>User\Components</Filter>
    </ClCompile>
    <ClCompile Include="shader.cpp">
      <Filter>Data</Filter>
    </ClCompile>
    <ClCompile Include="vao.cpp">
      <Filter>Data</Filter>
    </ClCompile>
    <ClCompile Include="SEComRenderer.cpp">
      <Filter>User\Components</Filter>
    </ClCompile>
    <ClCompile Include="SESin.cpp">
      <Filter>User\Source Files</Filter>
    </ClCompile>
    <ClCompile Include="SEScene.cpp">
      <Filter>User\Source Files</Filter>
    </ClCompile>
    <ClCompile Include="SEComCamera.cpp">
      <Filter>User\Components</Filter>
    </ClCompile>
    <ClCompile Include="SELog.cpp">
      <Filter>System</Filter>
    </ClCompile>
    <ClCompile Include="SEUtility.cpp">
      <Filter>System</Filter>
    </ClCompile>
    <ClCompile Include="SEObject.cpp">
      <Filter>System</Filter>
    </ClCompile>
    <ClCompile Include="SEComponent.cpp">
      <Filter>User\Source Files</Filter>
    </ClCompile>
    <ClCompile Include="SEEvent.cpp">
      <Filter>System</Filter>
    </ClCompile>
    <ClCompile Include="SEResource.cpp">
      <Filter>System</Filter>
    </ClCompile>
    <ClCompile Include="SEFile.cpp">
      <Filter>Data</Filter>
    </ClCompile>
    <ClCompile Include="main.cpp">
      <Filter>User</Filter>
    </ClCompile>
    <ClCompile Include="SEComListener.cpp">
      <Filter>User\Components</Filter>
    </ClCompile>
    <ClCompile Include="SEInput.cpp">
      <Filter>System</Filter>
    </ClCompile>
    <ClCompile Include="SEComController.cpp">
      <Filter>User\Components\Listeners</Filter>
    </ClCompile>
    <ClCompile Include="SEComRigidBody.cpp">
      <Filter>User\Components</Filter>
    </ClCompile>
    <ClCompile Include="SEComCollider.cpp">
      <Filter>User\Components</Filter>
    </ClCompile>
    <ClCompile Include="texture.cpp">
      <Filter>Data</Filter>
    </ClCompile>
    <ClCompile Include="cloth.cpp">
      <Filter>ClothSimulation</Filter>
    </ClCompile>
    <ClCompile Include="particle.cpp">
      <Filter>ClothSimulation</Filter>
    </ClCompile>
    <ClCompile Include="SEComUser.cpp">
      <Filter>User\Components</Filter>
    </ClCompile>
    <ClCompile Include="clothMain.cpp">
      <Filter>ClothSimulation</Filter>
    </ClCompile>
    <ClCompile Include="freeCamera.cpp">
      <Filter>ClothSimulation</Filter>
    </ClCompile>
    <ClCompile Include="windUpdater.cpp">
      <Filter>ClothSimulation</Filter>
    </ClCompile>
    <ClCompile Include="spring.cpp">
      <Filter>ClothSimulation</Filter>
    </ClCompile>
  </ItemGroup>
  <ItemGroup>
    <ClInclude Include="SEVector.h">
      <Filter>User\Header Files</Filter>
    </ClInclude>
    <ClInclude Include="SEMatrix.h">
      <Filter>User\Header Files</Filter>
    </ClInclude>
    <ClInclude Include="SEGameObject.h">
      <Filter>User\Header Files</Filter>
    </ClInclude>
    <ClInclude Include="SEComTransform.h">
      <Filter>User\Components</Filter>
    </ClInclude>
    <ClInclude Include="shader.h">
      <Filter>Data</Filter>
    </ClInclude>
    <ClInclude Include="vao.h">
      <Filter>Data</Filter>
    </ClInclude>
    <ClInclude Include="SEComRenderer.h">
      <Filter>User\Components</Filter>
    </ClInclude>
    <ClInclude Include="SESin.h">
      <Filter>User\Header Files</Filter>
    </ClInclude>
    <ClInclude Include="SEScene.h">
      <Filter>User\Header Files</Filter>
    </ClInclude>
    <ClInclude Include="SEComCamera.h">
      <Filter>User\Components</Filter>
    </ClInclude>
    <ClInclude Include="SampleStructure.h">
      <Filter>User\Components</Filter>
    </ClInclude>
    <ClInclude Include="SEUtility.h">
      <Filter>System</Filter>
    </ClInclude>
    <ClInclude Include="SEObject.h">
      <Filter>System</Filter>
    </ClInclude>
    <ClInclude Include="SELog.h">
      <Filter>System</Filter>
    </ClInclude>
    <ClInclude Include="SEComponent.h">
      <Filter>User\Header Files</Filter>
    </ClInclude>
    <ClInclude Include="SEEvent.h">
      <Filter>System</Filter>
    </ClInclude>
    <ClInclude Include="SEResource.h">
      <Filter>System</Filter>
    </ClInclude>
    <ClInclude Include="SESystem.h">
      <Filter>System</Filter>
    </ClInclude>
    <ClInclude Include="SEFile.h">
      <Filter>Data</Filter>
    </ClInclude>
    <ClInclude Include="SEComListener.h">
      <Filter>User\Components</Filter>
    </ClInclude>
    <ClInclude Include="SEInput.h">
      <Filter>System</Filter>
    </ClInclude>
    <ClInclude Include="SEComController.h">
      <Filter>User\Components\Listeners</Filter>
    </ClInclude>
    <ClInclude Include="SEComTemp.h">
      <Filter>User\Components</Filter>
    </ClInclude>
    <ClInclude Include="SEComRigidBody.h">
      <Filter>User\Components</Filter>
    </ClInclude>
    <ClInclude Include="SEComCollider.h">
      <Filter>User\Components</Filter>
    </ClInclude>
    <ClInclude Include="texture.h">
      <Filter>Data</Filter>
    </ClInclude>
    <ClInclude Include="particle.h">
      <Filter>ClothSimulation</Filter>
    </ClInclude>
    <ClInclude Include="cloth.h">
      <Filter>ClothSimulation</Filter>
    </ClInclude>
    <ClInclude Include="SEComUser.h">
      <Filter>User\Components</Filter>
    </ClInclude>
    <ClInclude Include="freeCamera.h">
      <Filter>ClothSimulation</Filter>
    </ClInclude>
    <ClInclude Include="windUpdater.h">
      <Filter>ClothSimulation</Filter>
    </ClInclude>
    <ClInclude Include="spring.h">
      <Filter>ClothSimulation</Filter>
    </ClInclude>
  </ItemGroup>
  <ItemGroup>
    <None Include="default.frag">
      <Filter>Shaders</Filter>
    </None>
    <None Include="default.vert">
      <Filter>Shaders</Filter>
    </None>
    <None Include="cloth.vert">
      <Filter>ClothSimulation</Filter>
    </None>
    <None Include="cloth.frag">
      <Filter>ClothSimulation</Filter>
    </None>
  </ItemGroup>
</Project>