<?xml version="1.0" encoding="utf-8"?>
<Project ToolsVersion="4.0" xmlns="http://schemas.microsoft.com/developer/msbuild/2003">
  <ItemGroup>
    <Filter Include="Source Files">
      <UniqueIdentifier>{4FC737F1-C7A5-4376-A066-2A32D752A2FF}</UniqueIdentifier>
      <Extensions>cpp;c;cc;cxx;def;odl;idl;hpj;bat;asm;asmx</Extensions>
    </Filter>
    <Filter Include="Header Files">
      <UniqueIdentifier>{93995380-89BD-4b04-88EB-625FBE52EBFB}</UniqueIdentifier>
      <Extensions>h;hh;hpp;hxx;hm;inl;inc;xsd</Extensions>
    </Filter>
    <Filter Include="Resource Files">
      <UniqueIdentifier>{67DA6AB6-F800-4c08-8B7A-83BB121AAD01}</UniqueIdentifier>
      <Extensions>rc;ico;cur;bmp;dlg;rc2;rct;bin;rgs;gif;jpg;jpeg;jpe;resx;tiff;tif;png;wav;mfcribbon-ms</Extensions>
    </Filter>
    <Filter Include="Shaders">
      <UniqueIdentifier>{60969b9d-6c7c-44e9-895c-c47e0296a492}</UniqueIdentifier>
    </Filter>
    <Filter Include="Components">
      <UniqueIdentifier>{a9dcb857-1678-48b1-a248-8495d491e9d4}</UniqueIdentifier>
    </Filter>
    <Filter Include="Resource">
      <UniqueIdentifier>{9d73226a-d88b-4978-8c11-3290af2352df}</UniqueIdentifier>
    </Filter>
  </ItemGroup>
  <ItemGroup>
    <ClCompile Include="main.cpp">
      <Filter>Source Files</Filter>
    </ClCompile>
    <ClCompile Include="SELog.cpp">
      <Filter>Source Files</Filter>
    </ClCompile>
    <ClCompile Include="SEUtility.cpp">
      <Filter>Source Files</Filter>
    </ClCompile>
    <ClCompile Include="SEGameObject.cpp">
      <Filter>Source Files</Filter>
    </ClCompile>
    <ClCompile Include="SEComponent.cpp">
      <Filter>Source Files</Filter>
    </ClCompile>
    <ClCompile Include="SEComTransform.cpp">
      <Filter>Components</Filter>
    </ClCompile>
    <ClCompile Include="shader.cpp">
      <Filter>Resource</Filter>
    </ClCompile>
    <ClCompile Include="vao.cpp">
      <Filter>Resource</Filter>
    </ClCompile>
    <ClCompile Include="SEComRenderer.cpp">
      <Filter>Components</Filter>
    </ClCompile>
    <ClCompile Include="SEResource.cpp">
      <Filter>Source Files</Filter>
    </ClCompile>
    <ClCompile Include="SESin.cpp">
      <Filter>Source Files</Filter>
    </ClCompile>
    <ClCompile Include="SEScene.cpp">
      <Filter>Source Files</Filter>
    </ClCompile>
  </ItemGroup>
  <ItemGroup>
    <ClInclude Include="SEVector.h">
      <Filter>Header Files</Filter>
    </ClInclude>
    <ClInclude Include="SELog.h">
      <Filter>Header Files</Filter>
    </ClInclude>
    <ClInclude Include="SEUtility.h">
      <Filter>Header Files</Filter>
    </ClInclude>
    <ClInclude Include="SEMatrix.h">
      <Filter>Header Files</Filter>
    </ClInclude>
    <ClInclude Include="SEGameObject.h">
      <Filter>Header Files</Filter>
    </ClInclude>
    <ClInclude Include="SEComponent.h">
      <Filter>Header Files</Filter>
    </ClInclude>
    <ClInclude Include="SEComTransform.h">
      <Filter>Components</Filter>
    </ClInclude>
    <ClInclude Include="shader.h">
      <Filter>Resource</Filter>
    </ClInclude>
    <ClInclude Include="vao.h">
      <Filter>Resource</Filter>
    </ClInclude>
    <ClInclude Include="SEComRenderer.h">
      <Filter>Components</Filter>
    </ClInclude>
    <ClInclude Include="SEResource.h">
      <Filter>Header Files</Filter>
    </ClInclude>
    <ClInclude Include="SESin.h">
      <Filter>Header Files</Filter>
    </ClInclude>
    <ClInclude Include="SEScene.h">
      <Filter>Header Files</Filter>
    </ClInclude>
  </ItemGroup>
  <ItemGroup>
    <None Include="default.frag">
      <Filter>Shaders</Filter>
    </None>
    <None Include="default.vert">
      <Filter>Shaders</Filter>
    </None>
  </ItemGroup>
</Project>